
Microsoft Visual Studio Solution File, Format Version 12.00
# Visual Studio Version 16
VisualStudioVersion = 16.0.30907.101
MinimumVisualStudioVersion = 10.0.40219.1
Project("{FAE04EC0-301F-11D3-BF4B-00C04F79EFBC}") = "Logging", "Logging\Logging.csproj", "{0BAE21D3-5182-4328-8987-8BF95185FC2A}"
EndProject
Global
	GlobalSection(SolutionConfigurationPlatforms) = preSolution
		Debug|Any CPU = Debug|Any CPU
		Release|Any CPU = Release|Any CPU
	EndGlobalSection
	GlobalSection(ProjectConfigurationPlatforms) = postSolution
		{0BAE21D3-5182-4328-8987-8BF95185FC2A}.Debug|Any CPU.ActiveCfg = Debug|Any CPU
		{0BAE21D3-5182-4328-8987-8BF95185FC2A}.Debug|Any CPU.Build.0 = Debug|Any CPU
		{0BAE21D3-5182-4328-8987-8BF95185FC2A}.Release|Any CPU.ActiveCfg = Release|Any CPU
		{0BAE21D3-5182-4328-8987-8BF95185FC2A}.Release|Any CPU.Build.0 = Release|Any CPU
	EndGlobalSection
	GlobalSection(SolutionProperties) = preSolution
		HideSolutionNode = FALSE
	EndGlobalSection
	GlobalSection(ExtensibilityGlobals) = postSolution
		SolutionGuid = {8C7C5EB5-41EE-4D70-845A-535F1039156E}
	EndGlobalSection
EndGlobal
